
Microsoft Visual Studio Solution File, Format Version 11.00
# Visual Studio 2010
Project("{FAE04EC0-301F-11D3-BF4B-00C04F79EFBC}") = "Assembly-CSharp", "Assembly-CSharp.csproj", "{45b61285-54fa-4457-fd8b-a9c10a76ecb5}"
EndProject
Project("{FAE04EC0-301F-11D3-BF4B-00C04F79EFBC}") = "Assembly-CSharp-firstpass", "Assembly-CSharp-firstpass.csproj", "{f36121d1-e3f8-a90d-1e93-419290c3f650}"
EndProject
Project("{FAE04EC0-301F-11D3-BF4B-00C04F79EFBC}") = "Assembly-CSharp-Editor-firstpass", "Assembly-CSharp-Editor-firstpass.csproj", "{3f1dc0ce-c50a-395e-b3dd-f44b8a392457}"
EndProject
Global
	GlobalSection(SolutionConfigurationPlatforms) = preSolution
		Debug|Any CPU = Debug|Any CPU
	EndGlobalSection
	GlobalSection(ProjectConfigurationPlatforms) = postSolution
		{45b61285-54fa-4457-fd8b-a9c10a76ecb5}.Debug|Any CPU.ActiveCfg = Debug|Any CPU
		{45b61285-54fa-4457-fd8b-a9c10a76ecb5}.Debug|Any CPU.Build.0 = Debug|Any CPU
		{f36121d1-e3f8-a90d-1e93-419290c3f650}.Debug|Any CPU.ActiveCfg = Debug|Any CPU
		{f36121d1-e3f8-a90d-1e93-419290c3f650}.Debug|Any CPU.Build.0 = Debug|Any CPU
		{3f1dc0ce-c50a-395e-b3dd-f44b8a392457}.Debug|Any CPU.ActiveCfg = Debug|Any CPU
		{3f1dc0ce-c50a-395e-b3dd-f44b8a392457}.Debug|Any CPU.Build.0 = Debug|Any CPU
	EndGlobalSection
	GlobalSection(SolutionProperties) = preSolution
		HideSolutionNode = FALSE
	EndGlobalSection
EndGlobal
